// !$*UTF8*$!
{
	archiveVersion = 1;
	classes = {
	};
	objectVersion = 51;
	objects = {

/* Begin PBXBuildFile section */
		4B7F6C62855811586A9D8CDF /* Pods_Parstagram.framework in Frameworks */ = {isa = PBXBuildFile; fileRef = 3C73D496FD7AD498795EE995 /* Pods_Parstagram.framework */; };
		B217A789DBA788DC361E21AD /* Pods_ParstagramTests.framework in Frameworks */ = {isa = PBXBuildFile; fileRef = F976129FCD87FB373D37B3A9 /* Pods_ParstagramTests.framework */; };
		B26F3A962601A9AB00E59DEB /* AppDelegate.swift in Sources */ = {isa = PBXBuildFile; fileRef = B26F3A952601A9AB00E59DEB /* AppDelegate.swift */; };
		B26F3A982601A9AB00E59DEB /* SceneDelegate.swift in Sources */ = {isa = PBXBuildFile; fileRef = B26F3A972601A9AB00E59DEB /* SceneDelegate.swift */; };
		B26F3A9D2601A9AB00E59DEB /* Main.storyboard in Resources */ = {isa = PBXBuildFile; fileRef = B26F3A9B2601A9AB00E59DEB /* Main.storyboard */; };
		B26F3AA02601A9AB00E59DEB /* Parstagram.xcdatamodeld in Sources */ = {isa = PBXBuildFile; fileRef = B26F3A9E2601A9AB00E59DEB /* Parstagram.xcdatamodeld */; };
		B26F3AA22601A9AE00E59DEB /* Assets.xcassets in Resources */ = {isa = PBXBuildFile; fileRef = B26F3AA12601A9AE00E59DEB /* Assets.xcassets */; };
		B26F3AA52601A9AE00E59DEB /* LaunchScreen.storyboard in Resources */ = {isa = PBXBuildFile; fileRef = B26F3AA32601A9AE00E59DEB /* LaunchScreen.storyboard */; };
		B26F3AB02601A9AE00E59DEB /* ParstagramTests.swift in Sources */ = {isa = PBXBuildFile; fileRef = B26F3AAF2601A9AE00E59DEB /* ParstagramTests.swift */; };
		B26F3ABB2601A9AE00E59DEB /* ParstagramUITests.swift in Sources */ = {isa = PBXBuildFile; fileRef = B26F3ABA2601A9AE00E59DEB /* ParstagramUITests.swift */; };
		B26F3ADB2601AD6D00E59DEB /* LoginViewController.swift in Sources */ = {isa = PBXBuildFile; fileRef = B26F3ADA2601AD6D00E59DEB /* LoginViewController.swift */; };
		B26F3AE02601ADBE00E59DEB /* FeedViewController.swift in Sources */ = {isa = PBXBuildFile; fileRef = B26F3ADF2601ADBE00E59DEB /* FeedViewController.swift */; };
		EBAFC9D5989022F568A187D9 /* Pods_Parstagram_ParstagramUITests.framework in Frameworks */ = {isa = PBXBuildFile; fileRef = DA9C800F1153253FFB9EAEF9 /* Pods_Parstagram_ParstagramUITests.framework */; };
/* End PBXBuildFile section */

/* Begin PBXContainerItemProxy section */
		B26F3AAC2601A9AE00E59DEB /* PBXContainerItemProxy */ = {
			isa = PBXContainerItemProxy;
			containerPortal = B26F3A8A2601A9AB00E59DEB /* Project object */;
			proxyType = 1;
			remoteGlobalIDString = B26F3A912601A9AB00E59DEB;
			remoteInfo = Parstagram;
		};
		B26F3AB72601A9AE00E59DEB /* PBXContainerItemProxy */ = {
			isa = PBXContainerItemProxy;
			containerPortal = B26F3A8A2601A9AB00E59DEB /* Project object */;
			proxyType = 1;
			remoteGlobalIDString = B26F3A912601A9AB00E59DEB;
			remoteInfo = Parstagram;
		};
/* End PBXContainerItemProxy section */

/* Begin PBXFileReference section */
		061D5CFA96BC434E976E99D2 /* Pods-Parstagram.release.xcconfig */ = {isa = PBXFileReference; includeInIndex = 1; lastKnownFileType = text.xcconfig; name = "Pods-Parstagram.release.xcconfig"; path = "Target Support Files/Pods-Parstagram/Pods-Parstagram.release.xcconfig"; sourceTree = "<group>"; };
		1238A90787431CABA23BDCA6 /* Pods-Parstagram-ParstagramUITests.release.xcconfig */ = {isa = PBXFileReference; includeInIndex = 1; lastKnownFileType = text.xcconfig; name = "Pods-Parstagram-ParstagramUITests.release.xcconfig"; path = "Target Support Files/Pods-Parstagram-ParstagramUITests/Pods-Parstagram-ParstagramUITests.release.xcconfig"; sourceTree = "<group>"; };
		3C73D496FD7AD498795EE995 /* Pods_Parstagram.framework */ = {isa = PBXFileReference; explicitFileType = wrapper.framework; includeInIndex = 0; path = Pods_Parstagram.framework; sourceTree = BUILT_PRODUCTS_DIR; };
		7B34F4C2ADBE07964BC9B3D7 /* Pods-ParstagramTests.release.xcconfig */ = {isa = PBXFileReference; includeInIndex = 1; lastKnownFileType = text.xcconfig; name = "Pods-ParstagramTests.release.xcconfig"; path = "Target Support Files/Pods-ParstagramTests/Pods-ParstagramTests.release.xcconfig"; sourceTree = "<group>"; };
		B26F3A922601A9AB00E59DEB /* Parstagram.app */ = {isa = PBXFileReference; explicitFileType = wrapper.application; includeInIndex = 0; path = Parstagram.app; sourceTree = BUILT_PRODUCTS_DIR; };
		B26F3A952601A9AB00E59DEB /* AppDelegate.swift */ = {isa = PBXFileReference; lastKnownFileType = sourcecode.swift; path = AppDelegate.swift; sourceTree = "<group>"; };
		B26F3A972601A9AB00E59DEB /* SceneDelegate.swift */ = {isa = PBXFileReference; lastKnownFileType = sourcecode.swift; path = SceneDelegate.swift; sourceTree = "<group>"; };
		B26F3A9C2601A9AB00E59DEB /* Base */ = {isa = PBXFileReference; lastKnownFileType = file.storyboard; name = Base; path = Base.lproj/Main.storyboard; sourceTree = "<group>"; };
		B26F3A9F2601A9AB00E59DEB /* Parstagram.xcdatamodel */ = {isa = PBXFileReference; lastKnownFileType = wrapper.xcdatamodel; path = Parstagram.xcdatamodel; sourceTree = "<group>"; };
		B26F3AA12601A9AE00E59DEB /* Assets.xcassets */ = {isa = PBXFileReference; lastKnownFileType = folder.assetcatalog; path = Assets.xcassets; sourceTree = "<group>"; };
		B26F3AA42601A9AE00E59DEB /* Base */ = {isa = PBXFileReference; lastKnownFileType = file.storyboard; name = Base; path = Base.lproj/LaunchScreen.storyboard; sourceTree = "<group>"; };
		B26F3AA62601A9AE00E59DEB /* Info.plist */ = {isa = PBXFileReference; lastKnownFileType = text.plist.xml; path = Info.plist; sourceTree = "<group>"; };
		B26F3AAB2601A9AE00E59DEB /* ParstagramTests.xctest */ = {isa = PBXFileReference; explicitFileType = wrapper.cfbundle; includeInIndex = 0; path = ParstagramTests.xctest; sourceTree = BUILT_PRODUCTS_DIR; };
		B26F3AAF2601A9AE00E59DEB /* ParstagramTests.swift */ = {isa = PBXFileReference; lastKnownFileType = sourcecode.swift; path = ParstagramTests.swift; sourceTree = "<group>"; };
		B26F3AB12601A9AE00E59DEB /* Info.plist */ = {isa = PBXFileReference; lastKnownFileType = text.plist.xml; path = Info.plist; sourceTree = "<group>"; };
		B26F3AB62601A9AE00E59DEB /* ParstagramUITests.xctest */ = {isa = PBXFileReference; explicitFileType = wrapper.cfbundle; includeInIndex = 0; path = ParstagramUITests.xctest; sourceTree = BUILT_PRODUCTS_DIR; };
		B26F3ABA2601A9AE00E59DEB /* ParstagramUITests.swift */ = {isa = PBXFileReference; lastKnownFileType = sourcecode.swift; path = ParstagramUITests.swift; sourceTree = "<group>"; };
		B26F3ABC2601A9AE00E59DEB /* Info.plist */ = {isa = PBXFileReference; lastKnownFileType = text.plist.xml; path = Info.plist; sourceTree = "<group>"; };
		B26F3ADA2601AD6D00E59DEB /* LoginViewController.swift */ = {isa = PBXFileReference; lastKnownFileType = sourcecode.swift; path = LoginViewController.swift; sourceTree = "<group>"; };
		B26F3ADF2601ADBE00E59DEB /* FeedViewController.swift */ = {isa = PBXFileReference; lastKnownFileType = sourcecode.swift; path = FeedViewController.swift; sourceTree = "<group>"; };
		CE511E8150DECCE29C743373 /* Pods-ParstagramTests.debug.xcconfig */ = {isa = PBXFileReference; includeInIndex = 1; lastKnownFileType = text.xcconfig; name = "Pods-ParstagramTests.debug.xcconfig"; path = "Target Support Files/Pods-ParstagramTests/Pods-ParstagramTests.debug.xcconfig"; sourceTree = "<group>"; };
		CEF9C43770C9383105DDB9D2 /* Pods-Parstagram.debug.xcconfig */ = {isa = PBXFileReference; includeInIndex = 1; lastKnownFileType = text.xcconfig; name = "Pods-Parstagram.debug.xcconfig"; path = "Target Support Files/Pods-Parstagram/Pods-Parstagram.debug.xcconfig"; sourceTree = "<group>"; };
		DA9C800F1153253FFB9EAEF9 /* Pods_Parstagram_ParstagramUITests.framework */ = {isa = PBXFileReference; explicitFileType = wrapper.framework; includeInIndex = 0; path = Pods_Parstagram_ParstagramUITests.framework; sourceTree = BUILT_PRODUCTS_DIR; };
		DE81176883D54754737854EE /* Pods-Parstagram-ParstagramUITests.debug.xcconfig */ = {isa = PBXFileReference; includeInIndex = 1; lastKnownFileType = text.xcconfig; name = "Pods-Parstagram-ParstagramUITests.debug.xcconfig"; path = "Target Support Files/Pods-Parstagram-ParstagramUITests/Pods-Parstagram-ParstagramUITests.debug.xcconfig"; sourceTree = "<group>"; };
		F976129FCD87FB373D37B3A9 /* Pods_ParstagramTests.framework */ = {isa = PBXFileReference; explicitFileType = wrapper.framework; includeInIndex = 0; path = Pods_ParstagramTests.framework; sourceTree = BUILT_PRODUCTS_DIR; };
/* End PBXFileReference section */

/* Begin PBXFrameworksBuildPhase section */
		B26F3A8F2601A9AB00E59DEB /* Frameworks */ = {
			isa = PBXFrameworksBuildPhase;
			buildActionMask = 2147483647;
			files = (
				4B7F6C62855811586A9D8CDF /* Pods_Parstagram.framework in Frameworks */,
			);
			runOnlyForDeploymentPostprocessing = 0;
		};
		B26F3AA82601A9AE00E59DEB /* Frameworks */ = {
			isa = PBXFrameworksBuildPhase;
			buildActionMask = 2147483647;
			files = (
				B217A789DBA788DC361E21AD /* Pods_ParstagramTests.framework in Frameworks */,
			);
			runOnlyForDeploymentPostprocessing = 0;
		};
		B26F3AB32601A9AE00E59DEB /* Frameworks */ = {
			isa = PBXFrameworksBuildPhase;
			buildActionMask = 2147483647;
			files = (
				EBAFC9D5989022F568A187D9 /* Pods_Parstagram_ParstagramUITests.framework in Frameworks */,
			);
			runOnlyForDeploymentPostprocessing = 0;
		};
/* End PBXFrameworksBuildPhase section */

/* Begin PBXGroup section */
		2385256BB66241C96173E387 /* Frameworks */ = {
			isa = PBXGroup;
			children = (
				3C73D496FD7AD498795EE995 /* Pods_Parstagram.framework */,
				DA9C800F1153253FFB9EAEF9 /* Pods_Parstagram_ParstagramUITests.framework */,
				F976129FCD87FB373D37B3A9 /* Pods_ParstagramTests.framework */,
			);
			name = Frameworks;
			sourceTree = "<group>";
		};
		AF014E63266BFC84D9888CDE /* Pods */ = {
			isa = PBXGroup;
			children = (
				CEF9C43770C9383105DDB9D2 /* Pods-Parstagram.debug.xcconfig */,
				061D5CFA96BC434E976E99D2 /* Pods-Parstagram.release.xcconfig */,
				DE81176883D54754737854EE /* Pods-Parstagram-ParstagramUITests.debug.xcconfig */,
				1238A90787431CABA23BDCA6 /* Pods-Parstagram-ParstagramUITests.release.xcconfig */,
				CE511E8150DECCE29C743373 /* Pods-ParstagramTests.debug.xcconfig */,
				7B34F4C2ADBE07964BC9B3D7 /* Pods-ParstagramTests.release.xcconfig */,
			);
			path = Pods;
			sourceTree = "<group>";
		};
		B26F3A892601A9AB00E59DEB = {
			isa = PBXGroup;
			children = (
				B26F3A942601A9AB00E59DEB /* Parstagram */,
				B26F3AAE2601A9AE00E59DEB /* ParstagramTests */,
				B26F3AB92601A9AE00E59DEB /* ParstagramUITests */,
				B26F3A932601A9AB00E59DEB /* Products */,
				AF014E63266BFC84D9888CDE /* Pods */,
				2385256BB66241C96173E387 /* Frameworks */,
			);
			sourceTree = "<group>";
		};
		B26F3A932601A9AB00E59DEB /* Products */ = {
			isa = PBXGroup;
			children = (
				B26F3A922601A9AB00E59DEB /* Parstagram.app */,
				B26F3AAB2601A9AE00E59DEB /* ParstagramTests.xctest */,
				B26F3AB62601A9AE00E59DEB /* ParstagramUITests.xctest */,
			);
			name = Products;
			sourceTree = "<group>";
		};
		B26F3A942601A9AB00E59DEB /* Parstagram */ = {
			isa = PBXGroup;
			children = (
				B26F3A952601A9AB00E59DEB /* AppDelegate.swift */,
				B26F3A972601A9AB00E59DEB /* SceneDelegate.swift */,
				B26F3A9B2601A9AB00E59DEB /* Main.storyboard */,
				B26F3AA12601A9AE00E59DEB /* Assets.xcassets */,
				B26F3ADF2601ADBE00E59DEB /* FeedViewController.swift */,
				B26F3ADA2601AD6D00E59DEB /* LoginViewController.swift */,
				B26F3AA32601A9AE00E59DEB /* LaunchScreen.storyboard */,
				B26F3AA62601A9AE00E59DEB /* Info.plist */,
				B26F3A9E2601A9AB00E59DEB /* Parstagram.xcdatamodeld */,
			);
			path = Parstagram;
			sourceTree = "<group>";
		};
		B26F3AAE2601A9AE00E59DEB /* ParstagramTests */ = {
			isa = PBXGroup;
			children = (
				B26F3AAF2601A9AE00E59DEB /* ParstagramTests.swift */,
				B26F3AB12601A9AE00E59DEB /* Info.plist */,
			);
			path = ParstagramTests;
			sourceTree = "<group>";
		};
		B26F3AB92601A9AE00E59DEB /* ParstagramUITests */ = {
			isa = PBXGroup;
			children = (
				B26F3ABA2601A9AE00E59DEB /* ParstagramUITests.swift */,
				B26F3ABC2601A9AE00E59DEB /* Info.plist */,
			);
			path = ParstagramUITests;
			sourceTree = "<group>";
		};
/* End PBXGroup section */

/* Begin PBXNativeTarget section */
		B26F3A912601A9AB00E59DEB /* Parstagram */ = {
			isa = PBXNativeTarget;
			buildConfigurationList = B26F3ABF2601A9AE00E59DEB /* Build configuration list for PBXNativeTarget "Parstagram" */;
			buildPhases = (
				80F59BDD15481116B80E98A9 /* [CP] Check Pods Manifest.lock */,
				B26F3A8E2601A9AB00E59DEB /* Sources */,
				B26F3A8F2601A9AB00E59DEB /* Frameworks */,
				B26F3A902601A9AB00E59DEB /* Resources */,
				67684E7EE65AF818A1862B1F /* [CP] Embed Pods Frameworks */,
			);
			buildRules = (
			);
			dependencies = (
			);
			name = Parstagram;
			productName = Parstagram;
			productReference = B26F3A922601A9AB00E59DEB /* Parstagram.app */;
			productType = "com.apple.product-type.application";
		};
		B26F3AAA2601A9AE00E59DEB /* ParstagramTests */ = {
			isa = PBXNativeTarget;
			buildConfigurationList = B26F3AC22601A9AE00E59DEB /* Build configuration list for PBXNativeTarget "ParstagramTests" */;
			buildPhases = (
				96ED4ED905F01FCB6F1580FF /* [CP] Check Pods Manifest.lock */,
				B26F3AA72601A9AE00E59DEB /* Sources */,
				B26F3AA82601A9AE00E59DEB /* Frameworks */,
				B26F3AA92601A9AE00E59DEB /* Resources */,
			);
			buildRules = (
			);
			dependencies = (
				B26F3AAD2601A9AE00E59DEB /* PBXTargetDependency */,
			);
			name = ParstagramTests;
			productName = ParstagramTests;
			productReference = B26F3AAB2601A9AE00E59DEB /* ParstagramTests.xctest */;
			productType = "com.apple.product-type.bundle.unit-test";
		};
		B26F3AB52601A9AE00E59DEB /* ParstagramUITests */ = {
			isa = PBXNativeTarget;
			buildConfigurationList = B26F3AC52601A9AE00E59DEB /* Build configuration list for PBXNativeTarget "ParstagramUITests" */;
			buildPhases = (
				079945DB843BD779EE954134 /* [CP] Check Pods Manifest.lock */,
				B26F3AB22601A9AE00E59DEB /* Sources */,
				B26F3AB32601A9AE00E59DEB /* Frameworks */,
				B26F3AB42601A9AE00E59DEB /* Resources */,
				9BC9709D68DDB0D590497FFF /* [CP] Embed Pods Frameworks */,
			);
			buildRules = (
			);
			dependencies = (
				B26F3AB82601A9AE00E59DEB /* PBXTargetDependency */,
			);
			name = ParstagramUITests;
			productName = ParstagramUITests;
			productReference = B26F3AB62601A9AE00E59DEB /* ParstagramUITests.xctest */;
			productType = "com.apple.product-type.bundle.ui-testing";
		};
/* End PBXNativeTarget section */

/* Begin PBXProject section */
		B26F3A8A2601A9AB00E59DEB /* Project object */ = {
			isa = PBXProject;
			attributes = {
				LastSwiftUpdateCheck = 1240;
				LastUpgradeCheck = 1240;
				TargetAttributes = {
					B26F3A912601A9AB00E59DEB = {
						CreatedOnToolsVersion = 12.4;
					};
					B26F3AAA2601A9AE00E59DEB = {
						CreatedOnToolsVersion = 12.4;
						TestTargetID = B26F3A912601A9AB00E59DEB;
					};
					B26F3AB52601A9AE00E59DEB = {
						CreatedOnToolsVersion = 12.4;
						TestTargetID = B26F3A912601A9AB00E59DEB;
					};
				};
			};
			buildConfigurationList = B26F3A8D2601A9AB00E59DEB /* Build configuration list for PBXProject "Parstagram" */;
			compatibilityVersion = "Xcode 9.3";
			developmentRegion = en;
			hasScannedForEncodings = 0;
			knownRegions = (
				en,
				Base,
			);
			mainGroup = B26F3A892601A9AB00E59DEB;
			productRefGroup = B26F3A932601A9AB00E59DEB /* Products */;
			projectDirPath = "";
			projectRoot = "";
			targets = (
				B26F3A912601A9AB00E59DEB /* Parstagram */,
				B26F3AAA2601A9AE00E59DEB /* ParstagramTests */,
				B26F3AB52601A9AE00E59DEB /* ParstagramUITests */,
			);
		};
/* End PBXProject section */

/* Begin PBXResourcesBuildPhase section */
		B26F3A902601A9AB00E59DEB /* Resources */ = {
			isa = PBXResourcesBuildPhase;
			buildActionMask = 2147483647;
			files = (
				B26F3AA52601A9AE00E59DEB /* LaunchScreen.storyboard in Resources */,
				B26F3AA22601A9AE00E59DEB /* Assets.xcassets in Resources */,
				B26F3A9D2601A9AB00E59DEB /* Main.storyboard in Resources */,
			);
			runOnlyForDeploymentPostprocessing = 0;
		};
		B26F3AA92601A9AE00E59DEB /* Resources */ = {
			isa = PBXResourcesBuildPhase;
			buildActionMask = 2147483647;
			files = (
			);
			runOnlyForDeploymentPostprocessing = 0;
		};
		B26F3AB42601A9AE00E59DEB /* Resources */ = {
			isa = PBXResourcesBuildPhase;
			buildActionMask = 2147483647;
			files = (
			);
			runOnlyForDeploymentPostprocessing = 0;
		};
/* End PBXResourcesBuildPhase section */

/* Begin PBXShellScriptBuildPhase section */
		079945DB843BD779EE954134 /* [CP] Check Pods Manifest.lock */ = {
			isa = PBXShellScriptBuildPhase;
			buildActionMask = 2147483647;
			files = (
			);
			inputFileListPaths = (
			);
			inputPaths = (
				"${PODS_PODFILE_DIR_PATH}/Podfile.lock",
				"${PODS_ROOT}/Manifest.lock",
			);
			name = "[CP] Check Pods Manifest.lock";
			outputFileListPaths = (
			);
			outputPaths = (
				"$(DERIVED_FILE_DIR)/Pods-Parstagram-ParstagramUITests-checkManifestLockResult.txt",
			);
			runOnlyForDeploymentPostprocessing = 0;
			shellPath = /bin/sh;
			shellScript = "diff \"${PODS_PODFILE_DIR_PATH}/Podfile.lock\" \"${PODS_ROOT}/Manifest.lock\" > /dev/null\nif [ $? != 0 ] ; then\n    # print error to STDERR\n    echo \"error: The sandbox is not in sync with the Podfile.lock. Run 'pod install' or update your CocoaPods installation.\" >&2\n    exit 1\nfi\n# This output is used by Xcode 'outputs' to avoid re-running this script phase.\necho \"SUCCESS\" > \"${SCRIPT_OUTPUT_FILE_0}\"\n";
			showEnvVarsInLog = 0;
		};
		67684E7EE65AF818A1862B1F /* [CP] Embed Pods Frameworks */ = {
			isa = PBXShellScriptBuildPhase;
			buildActionMask = 2147483647;
			files = (
			);
			inputFileListPaths = (
				"${PODS_ROOT}/Target Support Files/Pods-Parstagram/Pods-Parstagram-frameworks-${CONFIGURATION}-input-files.xcfilelist",
			);
			name = "[CP] Embed Pods Frameworks";
			outputFileListPaths = (
				"${PODS_ROOT}/Target Support Files/Pods-Parstagram/Pods-Parstagram-frameworks-${CONFIGURATION}-output-files.xcfilelist",
			);
			runOnlyForDeploymentPostprocessing = 0;
			shellPath = /bin/sh;
			shellScript = "\"${PODS_ROOT}/Target Support Files/Pods-Parstagram/Pods-Parstagram-frameworks.sh\"\n";
			showEnvVarsInLog = 0;
		};
		80F59BDD15481116B80E98A9 /* [CP] Check Pods Manifest.lock */ = {
			isa = PBXShellScriptBuildPhase;
			buildActionMask = 2147483647;
			files = (
			);
			inputFileListPaths = (
			);
			inputPaths = (
				"${PODS_PODFILE_DIR_PATH}/Podfile.lock",
				"${PODS_ROOT}/Manifest.lock",
			);
			name = "[CP] Check Pods Manifest.lock";
			outputFileListPaths = (
			);
			outputPaths = (
				"$(DERIVED_FILE_DIR)/Pods-Parstagram-checkManifestLockResult.txt",
			);
			runOnlyForDeploymentPostprocessing = 0;
			shellPath = /bin/sh;
			shellScript = "diff \"${PODS_PODFILE_DIR_PATH}/Podfile.lock\" \"${PODS_ROOT}/Manifest.lock\" > /dev/null\nif [ $? != 0 ] ; then\n    # print error to STDERR\n    echo \"error: The sandbox is not in sync with the Podfile.lock. Run 'pod install' or update your CocoaPods installation.\" >&2\n    exit 1\nfi\n# This output is used by Xcode 'outputs' to avoid re-running this script phase.\necho \"SUCCESS\" > \"${SCRIPT_OUTPUT_FILE_0}\"\n";
			showEnvVarsInLog = 0;
		};
		96ED4ED905F01FCB6F1580FF /* [CP] Check Pods Manifest.lock */ = {
			isa = PBXShellScriptBuildPhase;
			buildActionMask = 2147483647;
			files = (
			);
			inputFileListPaths = (
			);
			inputPaths = (
				"${PODS_PODFILE_DIR_PATH}/Podfile.lock",
				"${PODS_ROOT}/Manifest.lock",
			);
			name = "[CP] Check Pods Manifest.lock";
			outputFileListPaths = (
			);
			outputPaths = (
				"$(DERIVED_FILE_DIR)/Pods-ParstagramTests-checkManifestLockResult.txt",
			);
			runOnlyForDeploymentPostprocessing = 0;
			shellPath = /bin/sh;
			shellScript = "diff \"${PODS_PODFILE_DIR_PATH}/Podfile.lock\" \"${PODS_ROOT}/Manifest.lock\" > /dev/null\nif [ $? != 0 ] ; then\n    # print error to STDERR\n    echo \"error: The sandbox is not in sync with the Podfile.lock. Run 'pod install' or update your CocoaPods installation.\" >&2\n    exit 1\nfi\n# This output is used by Xcode 'outputs' to avoid re-running this script phase.\necho \"SUCCESS\" > \"${SCRIPT_OUTPUT_FILE_0}\"\n";
			showEnvVarsInLog = 0;
		};
		9BC9709D68DDB0D590497FFF /* [CP] Embed Pods Frameworks */ = {
			isa = PBXShellScriptBuildPhase;
			buildActionMask = 2147483647;
			files = (
			);
			inputFileListPaths = (
				"${PODS_ROOT}/Target Support Files/Pods-Parstagram-ParstagramUITests/Pods-Parstagram-ParstagramUITests-frameworks-${CONFIGURATION}-input-files.xcfilelist",
			);
			name = "[CP] Embed Pods Frameworks";
			outputFileListPaths = (
				"${PODS_ROOT}/Target Support Files/Pods-Parstagram-ParstagramUITests/Pods-Parstagram-ParstagramUITests-frameworks-${CONFIGURATION}-output-files.xcfilelist",
			);
			runOnlyForDeploymentPostprocessing = 0;
			shellPath = /bin/sh;
			shellScript = "\"${PODS_ROOT}/Target Support Files/Pods-Parstagram-ParstagramUITests/Pods-Parstagram-ParstagramUITests-frameworks.sh\"\n";
			showEnvVarsInLog = 0;
		};
/* End PBXShellScriptBuildPhase section */

/* Begin PBXSourcesBuildPhase section */
		B26F3A8E2601A9AB00E59DEB /* Sources */ = {
			isa = PBXSourcesBuildPhase;
			buildActionMask = 2147483647;
			files = (
				B26F3ADB2601AD6D00E59DEB /* LoginViewController.swift in Sources */,
				B26F3AA02601A9AB00E59DEB /* Parstagram.xcdatamodeld in Sources */,
				B26F3AE02601ADBE00E59DEB /* FeedViewController.swift in Sources */,
				B26F3A962601A9AB00E59DEB /* AppDelegate.swift in Sources */,
				B26F3A982601A9AB00E59DEB /* SceneDelegate.swift in Sources */,
			);
			runOnlyForDeploymentPostprocessing = 0;
		};
		B26F3AA72601A9AE00E59DEB /* Sources */ = {
			isa = PBXSourcesBuildPhase;
			buildActionMask = 2147483647;
			files = (
				B26F3AB02601A9AE00E59DEB /* ParstagramTests.swift in Sources */,
			);
			runOnlyForDeploymentPostprocessing = 0;
		};
		B26F3AB22601A9AE00E59DEB /* Sources */ = {
			isa = PBXSourcesBuildPhase;
			buildActionMask = 2147483647;
			files = (
				B26F3ABB2601A9AE00E59DEB /* ParstagramUITests.swift in Sources */,
			);
			runOnlyForDeploymentPostprocessing = 0;
		};
/* End PBXSourcesBuildPhase section */

/* Begin PBXTargetDependency section */
		B26F3AAD2601A9AE00E59DEB /* PBXTargetDependency */ = {
			isa = PBXTargetDependency;
			target = B26F3A912601A9AB00E59DEB /* Parstagram */;
			targetProxy = B26F3AAC2601A9AE00E59DEB /* PBXContainerItemProxy */;
		};
		B26F3AB82601A9AE00E59DEB /* PBXTargetDependency */ = {
			isa = PBXTargetDependency;
			target = B26F3A912601A9AB00E59DEB /* Parstagram */;
			targetProxy = B26F3AB72601A9AE00E59DEB /* PBXContainerItemProxy */;
		};
/* End PBXTargetDependency section */

/* Begin PBXVariantGroup section */
		B26F3A9B2601A9AB00E59DEB /* Main.storyboard */ = {
			isa = PBXVariantGroup;
			children = (
				B26F3A9C2601A9AB00E59DEB /* Base */,
			);
			name = Main.storyboard;
			sourceTree = "<group>";
		};
		B26F3AA32601A9AE00E59DEB /* LaunchScreen.storyboard */ = {
			isa = PBXVariantGroup;
			children = (
				B26F3AA42601A9AE00E59DEB /* Base */,
			);
			name = LaunchScreen.storyboard;
			sourceTree = "<group>";
		};
/* End PBXVariantGroup section */

/* Begin XCBuildConfiguration section */
		B26F3ABD2601A9AE00E59DEB /* Debug */ = {
			isa = XCBuildConfiguration;
			buildSettings = {
				ALWAYS_SEARCH_USER_PATHS = NO;
				CLANG_ANALYZER_NONNULL = YES;
				CLANG_ANALYZER_NUMBER_OBJECT_CONVERSION = YES_AGGRESSIVE;
				CLANG_CXX_LANGUAGE_STANDARD = "gnu++14";
				CLANG_CXX_LIBRARY = "libc++";
				CLANG_ENABLE_MODULES = YES;
				CLANG_ENABLE_OBJC_ARC = YES;
				CLANG_ENABLE_OBJC_WEAK = YES;
				CLANG_WARN_BLOCK_CAPTURE_AUTORELEASING = YES;
				CLANG_WARN_BOOL_CONVERSION = YES;
				CLANG_WARN_COMMA = YES;
				CLANG_WARN_CONSTANT_CONVERSION = YES;
				CLANG_WARN_DEPRECATED_OBJC_IMPLEMENTATIONS = YES;
				CLANG_WARN_DIRECT_OBJC_ISA_USAGE = YES_ERROR;
				CLANG_WARN_DOCUMENTATION_COMMENTS = YES;
				CLANG_WARN_EMPTY_BODY = YES;
				CLANG_WARN_ENUM_CONVERSION = YES;
				CLANG_WARN_INFINITE_RECURSION = YES;
				CLANG_WARN_INT_CONVERSION = YES;
				CLANG_WARN_NON_LITERAL_NULL_CONVERSION = YES;
				CLANG_WARN_OBJC_IMPLICIT_RETAIN_SELF = YES;
				CLANG_WARN_OBJC_LITERAL_CONVERSION = YES;
				CLANG_WARN_OBJC_ROOT_CLASS = YES_ERROR;
				CLANG_WARN_QUOTED_INCLUDE_IN_FRAMEWORK_HEADER = YES;
				CLANG_WARN_RANGE_LOOP_ANALYSIS = YES;
				CLANG_WARN_STRICT_PROTOTYPES = YES;
				CLANG_WARN_SUSPICIOUS_MOVE = YES;
				CLANG_WARN_UNGUARDED_AVAILABILITY = YES_AGGRESSIVE;
				CLANG_WARN_UNREACHABLE_CODE = YES;
				CLANG_WARN__DUPLICATE_METHOD_MATCH = YES;
				COPY_PHASE_STRIP = NO;
				DEBUG_INFORMATION_FORMAT = dwarf;
				ENABLE_STRICT_OBJC_MSGSEND = YES;
				ENABLE_TESTABILITY = YES;
				GCC_C_LANGUAGE_STANDARD = gnu11;
				GCC_DYNAMIC_NO_PIC = NO;
				GCC_NO_COMMON_BLOCKS = YES;
				GCC_OPTIMIZATION_LEVEL = 0;
				GCC_PREPROCESSOR_DEFINITIONS = (
					"DEBUG=1",
					"$(inherited)",
				);
				GCC_WARN_64_TO_32_BIT_CONVERSION = YES;
				GCC_WARN_ABOUT_RETURN_TYPE = YES_ERROR;
				GCC_WARN_UNDECLARED_SELECTOR = YES;
				GCC_WARN_UNINITIALIZED_AUTOS = YES_AGGRESSIVE;
				GCC_WARN_UNUSED_FUNCTION = YES;
				GCC_WARN_UNUSED_VARIABLE = YES;
				IPHONEOS_DEPLOYMENT_TARGET = 14.4;
				MTL_ENABLE_DEBUG_INFO = INCLUDE_SOURCE;
				MTL_FAST_MATH = YES;
				ONLY_ACTIVE_ARCH = YES;
				SDKROOT = iphoneos;
				SWIFT_ACTIVE_COMPILATION_CONDITIONS = DEBUG;
				SWIFT_OPTIMIZATION_LEVEL = "-Onone";
			};
			name = Debug;
		};
		B26F3ABE2601A9AE00E59DEB /* Release */ = {
			isa = XCBuildConfiguration;
			buildSettings = {
				ALWAYS_SEARCH_USER_PATHS = NO;
				CLANG_ANALYZER_NONNULL = YES;
				CLANG_ANALYZER_NUMBER_OBJECT_CONVERSION = YES_AGGRESSIVE;
				CLANG_CXX_LANGUAGE_STANDARD = "gnu++14";
				CLANG_CXX_LIBRARY = "libc++";
				CLANG_ENABLE_MODULES = YES;
				CLANG_ENABLE_OBJC_ARC = YES;
				CLANG_ENABLE_OBJC_WEAK = YES;
				CLANG_WARN_BLOCK_CAPTURE_AUTORELEASING = YES;
				CLANG_WARN_BOOL_CONVERSION = YES;
				CLANG_WARN_COMMA = YES;
				CLANG_WARN_CONSTANT_CONVERSION = YES;
				CLANG_WARN_DEPRECATED_OBJC_IMPLEMENTATIONS = YES;
				CLANG_WARN_DIRECT_OBJC_ISA_USAGE = YES_ERROR;
				CLANG_WARN_DOCUMENTATION_COMMENTS = YES;
				CLANG_WARN_EMPTY_BODY = YES;
				CLANG_WARN_ENUM_CONVERSION = YES;
				CLANG_WARN_INFINITE_RECURSION = YES;
				CLANG_WARN_INT_CONVERSION = YES;
				CLANG_WARN_NON_LITERAL_NULL_CONVERSION = YES;
				CLANG_WARN_OBJC_IMPLICIT_RETAIN_SELF = YES;
				CLANG_WARN_OBJC_LITERAL_CONVERSION = YES;
				CLANG_WARN_OBJC_ROOT_CLASS = YES_ERROR;
				CLANG_WARN_QUOTED_INCLUDE_IN_FRAMEWORK_HEADER = YES;
				CLANG_WARN_RANGE_LOOP_ANALYSIS = YES;
				CLANG_WARN_STRICT_PROTOTYPES = YES;
				CLANG_WARN_SUSPICIOUS_MOVE = YES;
				CLANG_WARN_UNGUARDED_AVAILABILITY = YES_AGGRESSIVE;
				CLANG_WARN_UNREACHABLE_CODE = YES;
				CLANG_WARN__DUPLICATE_METHOD_MATCH = YES;
				COPY_PHASE_STRIP = NO;
				DEBUG_INFORMATION_FORMAT = "dwarf-with-dsym";
				ENABLE_NS_ASSERTIONS = NO;
				ENABLE_STRICT_OBJC_MSGSEND = YES;
				GCC_C_LANGUAGE_STANDARD = gnu11;
				GCC_NO_COMMON_BLOCKS = YES;
				GCC_WARN_64_TO_32_BIT_CONVERSION = YES;
				GCC_WARN_ABOUT_RETURN_TYPE = YES_ERROR;
				GCC_WARN_UNDECLARED_SELECTOR = YES;
				GCC_WARN_UNINITIALIZED_AUTOS = YES_AGGRESSIVE;
				GCC_WARN_UNUSED_FUNCTION = YES;
				GCC_WARN_UNUSED_VARIABLE = YES;
				IPHONEOS_DEPLOYMENT_TARGET = 14.4;
				MTL_ENABLE_DEBUG_INFO = NO;
				MTL_FAST_MATH = YES;
				SDKROOT = iphoneos;
				SWIFT_COMPILATION_MODE = wholemodule;
				SWIFT_OPTIMIZATION_LEVEL = "-O";
				VALIDATE_PRODUCT = YES;
			};
			name = Release;
		};
		B26F3AC02601A9AE00E59DEB /* Debug */ = {
			isa = XCBuildConfiguration;
			baseConfigurationReference = CEF9C43770C9383105DDB9D2 /* Pods-Parstagram.debug.xcconfig */;
			buildSettings = {
				ASSETCATALOG_COMPILER_APPICON_NAME = AppIcon;
				ASSETCATALOG_COMPILER_GLOBAL_ACCENT_COLOR_NAME = AccentColor;
				CODE_SIGN_STYLE = Automatic;
				INFOPLIST_FILE = Parstagram/Info.plist;
				LD_RUNPATH_SEARCH_PATHS = (
					"$(inherited)",
					"@executable_path/Frameworks",
				);
				PRODUCT_BUNDLE_IDENTIFIER = com.codepath.Parstagram;
				PRODUCT_NAME = "$(TARGET_NAME)";
				SWIFT_VERSION = 5.0;
				TARGETED_DEVICE_FAMILY = "1,2";
			};
			name = Debug;
		};
		B26F3AC12601A9AE00E59DEB /* Release */ = {
			isa = XCBuildConfiguration;
			baseConfigurationReference = 061D5CFA96BC434E976E99D2 /* Pods-Parstagram.release.xcconfig */;
			buildSettings = {
				ASSETCATALOG_COMPILER_APPICON_NAME = AppIcon;
				ASSETCATALOG_COMPILER_GLOBAL_ACCENT_COLOR_NAME = AccentColor;
				CODE_SIGN_STYLE = Automatic;
				INFOPLIST_FILE = Parstagram/Info.plist;
				LD_RUNPATH_SEARCH_PATHS = (
					"$(inherited)",
					"@executable_path/Frameworks",
				);
				PRODUCT_BUNDLE_IDENTIFIER = com.codepath.Parstagram;
				PRODUCT_NAME = "$(TARGET_NAME)";
				SWIFT_VERSION = 5.0;
				TARGETED_DEVICE_FAMILY = "1,2";
			};
			name = Release;
		};
		B26F3AC32601A9AE00E59DEB /* Debug */ = {
			isa = XCBuildConfiguration;
			baseConfigurationReference = CE511E8150DECCE29C743373 /* Pods-ParstagramTests.debug.xcconfig */;
			buildSettings = {
				ALWAYS_EMBED_SWIFT_STANDARD_LIBRARIES = YES;
				BUNDLE_LOADER = "$(TEST_HOST)";
				CODE_SIGN_STYLE = Automatic;
				INFOPLIST_FILE = ParstagramTests/Info.plist;
				IPHONEOS_DEPLOYMENT_TARGET = 14.4;
				LD_RUNPATH_SEARCH_PATHS = (
					"$(inherited)",
					"@executable_path/Frameworks",
					"@loader_path/Frameworks",
				);
				PRODUCT_BUNDLE_IDENTIFIER = com.codepath.ParstagramTests;
				PRODUCT_NAME = "$(TARGET_NAME)";
				SWIFT_VERSION = 5.0;
				TARGETED_DEVICE_FAMILY = "1,2";
				TEST_HOST = "$(BUILT_PRODUCTS_DIR)/Parstagram.app/Parstagram";
			};
			name = Debug;
		};
		B26F3AC42601A9AE00E59DEB /* Release */ = {
			isa = XCBuildConfiguration;
			baseConfigurationReference = 7B34F4C2ADBE07964BC9B3D7 /* Pods-ParstagramTests.release.xcconfig */;
			buildSettings = {
				ALWAYS_EMBED_SWIFT_STANDARD_LIBRARIES = YES;
				BUNDLE_LOADER = "$(TEST_HOST)";
				CODE_SIGN_STYLE = Automatic;
				INFOPLIST_FILE = ParstagramTests/Info.plist;
				IPHONEOS_DEPLOYMENT_TARGET = 14.4;
				LD_RUNPATH_SEARCH_PATHS = (
					"$(inherited)",
					"@executable_path/Frameworks",
					"@loader_path/Frameworks",
				);
				PRODUCT_BUNDLE_IDENTIFIER = com.codepath.ParstagramTests;
				PRODUCT_NAME = "$(TARGET_NAME)";
				SWIFT_VERSION = 5.0;
				TARGETED_DEVICE_FAMILY = "1,2";
				TEST_HOST = "$(BUILT_PRODUCTS_DIR)/Parstagram.app/Parstagram";
			};
			name = Release;
		};
		B26F3AC62601A9AE00E59DEB /* Debug */ = {
			isa = XCBuildConfiguration;
			baseConfigurationReference = DE81176883D54754737854EE /* Pods-Parstagram-ParstagramUITests.debug.xcconfig */;
			buildSettings = {
				ALWAYS_EMBED_SWIFT_STANDARD_LIBRARIES = YES;
				CODE_SIGN_STYLE = Automatic;
				INFOPLIST_FILE = ParstagramUITests/Info.plist;
				LD_RUNPATH_SEARCH_PATHS = (
					"$(inherited)",
					"@executable_path/Frameworks",
					"@loader_path/Frameworks",
				);
				PRODUCT_BUNDLE_IDENTIFIER = com.codepath.ParstagramUITests;
				PRODUCT_NAME = "$(TARGET_NAME)";
				SWIFT_VERSION = 5.0;
				TARGETED_DEVICE_FAMILY = "1,2";
				TEST_TARGET_NAME = Parstagram;
			};
			name = Debug;
		};
		B26F3AC72601A9AE00E59DEB /* Release */ = {
			isa = XCBuildConfiguration;
			baseConfigurationReference = 1238A90787431CABA23BDCA6 /* Pods-Parstagram-ParstagramUITests.release.xcconfig */;
			buildSettings = {
				ALWAYS_EMBED_SWIFT_STANDARD_LIBRARIES = YES;
				CODE_SIGN_STYLE = Automatic;
				INFOPLIST_FILE = ParstagramUITests/Info.plist;
				LD_RUNPATH_SEARCH_PATHS = (
					"$(inherited)",
					"@executable_path/Frameworks",
					"@loader_path/Frameworks",
				);
				PRODUCT_BUNDLE_IDENTIFIER = com.codepath.ParstagramUITests;
				PRODUCT_NAME = "$(TARGET_NAME)";
				SWIFT_VERSION = 5.0;
				TARGETED_DEVICE_FAMILY = "1,2";
				TEST_TARGET_NAME = Parstagram;
			};
			name = Release;
		};
/* End XCBuildConfiguration section */

/* Begin XCConfigurationList section */
		B26F3A8D2601A9AB00E59DEB /* Build configuration list for PBXProject "Parstagram" */ = {
			isa = XCConfigurationList;
			buildConfigurations = (
				B26F3ABD2601A9AE00E59DEB /* Debug */,
				B26F3ABE2601A9AE00E59DEB /* Release */,
			);
			defaultConfigurationIsVisible = 0;
			defaultConfigurationName = Release;
		};
		B26F3ABF2601A9AE00E59DEB /* Build configuration list for PBXNativeTarget "Parstagram" */ = {
			isa = XCConfigurationList;
			buildConfigurations = (
				B26F3AC02601A9AE00E59DEB /* Debug */,
				B26F3AC12601A9AE00E59DEB /* Release */,
			);
			defaultConfigurationIsVisible = 0;
			defaultConfigurationName = Release;
		};
		B26F3AC22601A9AE00E59DEB /* Build configuration list for PBXNativeTarget "ParstagramTests" */ = {
			isa = XCConfigurationList;
			buildConfigurations = (
				B26F3AC32601A9AE00E59DEB /* Debug */,
				B26F3AC42601A9AE00E59DEB /* Release */,
			);
			defaultConfigurationIsVisible = 0;
			defaultConfigurationName = Release;
		};
		B26F3AC52601A9AE00E59DEB /* Build configuration list for PBXNativeTarget "ParstagramUITests" */ = {
			isa = XCConfigurationList;
			buildConfigurations = (
				B26F3AC62601A9AE00E59DEB /* Debug */,
				B26F3AC72601A9AE00E59DEB /* Release */,
			);
			defaultConfigurationIsVisible = 0;
			defaultConfigurationName = Release;
		};
/* End XCConfigurationList section */

/* Begin XCVersionGroup section */
		B26F3A9E2601A9AB00E59DEB /* Parstagram.xcdatamodeld */ = {
			isa = XCVersionGroup;
			children = (
				B26F3A9F2601A9AB00E59DEB /* Parstagram.xcdatamodel */,
			);
			currentVersion = B26F3A9F2601A9AB00E59DEB /* Parstagram.xcdatamodel */;
			path = Parstagram.xcdatamodeld;
			sourceTree = "<group>";
			versionGroupType = wrapper.xcdatamodel;
		};
/* End XCVersionGroup section */
	};
	rootObject = B26F3A8A2601A9AB00E59DEB /* Project object */;
}
